
Microsoft Visual Studio Solution File, Format Version 12.00
# Visual Studio Version 17
VisualStudioVersion = 17.3.32825.248
MinimumVisualStudioVersion = 10.0.40219.1
Project("{9A19103F-16F7-4668-BE54-9A1E7A4F7556}") = "lesson-1", "lesson-1\lesson-1.csproj", "{9B1197CD-8F15-48E2-AC77-6BB87426C8F1}"
EndProject
Project("{9A19103F-16F7-4668-BE54-9A1E7A4F7556}") = "standard-deviation-code", "standard-deviation-code\standard-deviation-code.csproj", "{8488C4B9-68B0-4BA8-A7FD-F8F5CE2C7634}"
EndProject
Project("{FAE04EC0-301F-11D3-BF4B-00C04F79EFBC}") = "algorithm-code", "algorithm-code\algorithm-code.csproj", "{242AFE8D-C8B2-478C-AF9A-F09C80E04FBD}"
EndProject
Global
	GlobalSection(SolutionConfigurationPlatforms) = preSolution
		Debug|Any CPU = Debug|Any CPU
		Release|Any CPU = Release|Any CPU
	EndGlobalSection
	GlobalSection(ProjectConfigurationPlatforms) = postSolution
		{9B1197CD-8F15-48E2-AC77-6BB87426C8F1}.Debug|Any CPU.ActiveCfg = Debug|Any CPU
		{9B1197CD-8F15-48E2-AC77-6BB87426C8F1}.Debug|Any CPU.Build.0 = Debug|Any CPU
		{9B1197CD-8F15-48E2-AC77-6BB87426C8F1}.Release|Any CPU.ActiveCfg = Release|Any CPU
		{9B1197CD-8F15-48E2-AC77-6BB87426C8F1}.Release|Any CPU.Build.0 = Release|Any CPU
		{8488C4B9-68B0-4BA8-A7FD-F8F5CE2C7634}.Debug|Any CPU.ActiveCfg = Debug|Any CPU
		{8488C4B9-68B0-4BA8-A7FD-F8F5CE2C7634}.Debug|Any CPU.Build.0 = Debug|Any CPU
		{8488C4B9-68B0-4BA8-A7FD-F8F5CE2C7634}.Release|Any CPU.ActiveCfg = Release|Any CPU
		{8488C4B9-68B0-4BA8-A7FD-F8F5CE2C7634}.Release|Any CPU.Build.0 = Release|Any CPU
		{242AFE8D-C8B2-478C-AF9A-F09C80E04FBD}.Debug|Any CPU.ActiveCfg = Debug|Any CPU
		{242AFE8D-C8B2-478C-AF9A-F09C80E04FBD}.Debug|Any CPU.Build.0 = Debug|Any CPU
		{242AFE8D-C8B2-478C-AF9A-F09C80E04FBD}.Release|Any CPU.ActiveCfg = Release|Any CPU
		{242AFE8D-C8B2-478C-AF9A-F09C80E04FBD}.Release|Any CPU.Build.0 = Release|Any CPU
	EndGlobalSection
	GlobalSection(SolutionProperties) = preSolution
		HideSolutionNode = FALSE
	EndGlobalSection
	GlobalSection(ExtensibilityGlobals) = postSolution
		SolutionGuid = {58B5242C-60BB-4BA1-9850-528C7EFB301D}
	EndGlobalSection
EndGlobal
